// !$*UTF8*$!
{
	archiveVersion = 1;
	classes = {
	};
	objectVersion = 46;
	objects = {

/* Begin PBXBuildFile section */
		CFDD764E1C00FD5600BB7A78 /* AppDelegate.swift in Sources */ = {isa = PBXBuildFile; fileRef = CFDD764D1C00FD5600BB7A78 /* AppDelegate.swift */; };
		CFDD76501C00FD5600BB7A78 /* ViewController.swift in Sources */ = {isa = PBXBuildFile; fileRef = CFDD764F1C00FD5600BB7A78 /* ViewController.swift */; };
		CFDD76531C00FD5600BB7A78 /* Main.storyboard in Resources */ = {isa = PBXBuildFile; fileRef = CFDD76511C00FD5600BB7A78 /* Main.storyboard */; };
		CFDD76551C00FD5600BB7A78 /* Assets.xcassets in Resources */ = {isa = PBXBuildFile; fileRef = CFDD76541C00FD5600BB7A78 /* Assets.xcassets */; };
		CFDD76581C00FD5600BB7A78 /* LaunchScreen.storyboard in Resources */ = {isa = PBXBuildFile; fileRef = CFDD76561C00FD5600BB7A78 /* LaunchScreen.storyboard */; };
/* End PBXBuildFile section */

/* Begin PBXFileReference section */
		CFDD764A1C00FD5600BB7A78 /* ElementFinderSwift.app */ = {isa = PBXFileReference; explicitFileType = wrapper.application; includeInIndex = 0; path = ElementFinderSwift.app; sourceTree = BUILT_PRODUCTS_DIR; };
		CFDD764D1C00FD5600BB7A78 /* AppDelegate.swift */ = {isa = PBXFileReference; lastKnownFileType = sourcecode.swift; path = AppDelegate.swift; sourceTree = "<group>"; };
		CFDD764F1C00FD5600BB7A78 /* ViewController.swift */ = {isa = PBXFileReference; lastKnownFileType = sourcecode.swift; path = ViewController.swift; sourceTree = "<group>"; };
		CFDD76521C00FD5600BB7A78 /* Base */ = {isa = PBXFileReference; lastKnownFileType = file.storyboard; name = Base; path = Base.lproj/Main.storyboard; sourceTree = "<group>"; };
		CFDD76541C00FD5600BB7A78 /* Assets.xcassets */ = {isa = PBXFileReference; lastKnownFileType = folder.assetcatalog; path = Assets.xcassets; sourceTree = "<group>"; };
		CFDD76571C00FD5600BB7A78 /* Base */ = {isa = PBXFileReference; lastKnownFileType = file.storyboard; name = Base; path = Base.lproj/LaunchScreen.storyboard; sourceTree = "<group>"; };
		CFDD76591C00FD5600BB7A78 /* Info.plist */ = {isa = PBXFileReference; lastKnownFileType = text.plist.xml; path = Info.plist; sourceTree = "<group>"; };
/* End PBXFileReference section */

/* Begin PBXFrameworksBuildPhase section */
		CFDD76471C00FD5600BB7A78 /* Frameworks */ = {
			isa = PBXFrameworksBuildPhase;
			buildActionMask = 2147483647;
			files = (
			);
			runOnlyForDeploymentPostprocessing = 0;
		};
/* End PBXFrameworksBuildPhase section */

/* Begin PBXGroup section */
		CFDD76411C00FD5600BB7A78 = {
			isa = PBXGroup;
			children = (
				CFDD764C1C00FD5600BB7A78 /* ElementFinderSwift */,
				CFDD764B1C00FD5600BB7A78 /* Products */,
			);
			sourceTree = "<group>";
		};
		CFDD764B1C00FD5600BB7A78 /* Products */ = {
			isa = PBXGroup;
			children = (
				CFDD764A1C00FD5600BB7A78 /* ElementFinderSwift.app */,
			);
			name = Products;
			sourceTree = "<group>";
		};
		CFDD764C1C00FD5600BB7A78 /* ElementFinderSwift */ = {
			isa = PBXGroup;
			children = (
				CFDD764D1C00FD5600BB7A78 /* AppDelegate.swift */,
				CFDD764F1C00FD5600BB7A78 /* ViewController.swift */,
				CFDD76511C00FD5600BB7A78 /* Main.storyboard */,
				CFDD76541C00FD5600BB7A78 /* Assets.xcassets */,
				CFDD76561C00FD5600BB7A78 /* LaunchScreen.storyboard */,
				CFDD76591C00FD5600BB7A78 /* Info.plist */,
			);
			path = ElementFinderSwift;
			sourceTree = "<group>";
		};
/* End PBXGroup section */

/* Begin PBXNativeTarget section */
		CFDD76491C00FD5600BB7A78 /* ElementFinderSwift */ = {
			isa = PBXNativeTarget;
			buildConfigurationList = CFDD765C1C00FD5600BB7A78 /* Build configuration list for PBXNativeTarget "ElementFinderSwift" */;
			buildPhases = (
				CFDD76461C00FD5600BB7A78 /* Sources */,
				CFDD76471C00FD5600BB7A78 /* Frameworks */,
				CFDD76481C00FD5600BB7A78 /* Resources */,
			);
			buildRules = (
			);
			dependencies = (
			);
			name = ElementFinderSwift;
			productName = ElementFinderSwift;
			productReference = CFDD764A1C00FD5600BB7A78 /* ElementFinderSwift.app */;
			productType = "com.apple.product-type.application";
		};
/* End PBXNativeTarget section */

/* Begin PBXProject section */
		CFDD76421C00FD5600BB7A78 /* Project object */ = {
			isa = PBXProject;
			attributes = {
				LastUpgradeCheck = 0700;
				ORGANIZATIONNAME = GemmaShearer;
				TargetAttributes = {
					CFDD76491C00FD5600BB7A78 = {
						CreatedOnToolsVersion = 7.0;
					};
				};
			};
			buildConfigurationList = CFDD76451C00FD5600BB7A78 /* Build configuration list for PBXProject "ElementFinderSwift" */;
			compatibilityVersion = "Xcode 3.2";
			developmentRegion = English;
			hasScannedForEncodings = 0;
			knownRegions = (
				en,
				Base,
			);
			mainGroup = CFDD76411C00FD5600BB7A78;
			productRefGroup = CFDD764B1C00FD5600BB7A78 /* Products */;
			projectDirPath = "";
			projectRoot = "";
			targets = (
				CFDD76491C00FD5600BB7A78 /* ElementFinderSwift */,
			);
		};
/* End PBXProject section */

/* Begin PBXResourcesBuildPhase section */
		CFDD76481C00FD5600BB7A78 /* Resources */ = {
			isa = PBXResourcesBuildPhase;
			buildActionMask = 2147483647;
			files = (
				CFDD76581C00FD5600BB7A78 /* LaunchScreen.storyboard in Resources */,
				CFDD76551C00FD5600BB7A78 /* Assets.xcassets in Resources */,
				CFDD76531C00FD5600BB7A78 /* Main.storyboard in Resources */,
			);
			runOnlyForDeploymentPostprocessing = 0;
		};
/* End PBXResourcesBuildPhase section */

/* Begin PBXSourcesBuildPhase section */
		CFDD76461C00FD5600BB7A78 /* Sources */ = {
			isa = PBXSourcesBuildPhase;
			buildActionMask = 2147483647;
			files = (
				CFDD76501C00FD5600BB7A78 /* ViewController.swift in Sources */,
				CFDD764E1C00FD5600BB7A78 /* AppDelegate.swift in Sources */,
			);
			runOnlyForDeploymentPostprocessing = 0;
		};
/* End PBXSourcesBuildPhase section */

/* Begin PBXVariantGroup section */
		CFDD76511C00FD5600BB7A78 /* Main.storyboard */ = {
			isa = PBXVariantGroup;
			children = (
				CFDD76521C00FD5600BB7A78 /* Base */,
			);
			name = Main.storyboard;
			sourceTree = "<group>";
		};
		CFDD76561C00FD5600BB7A78 /* LaunchScreen.storyboard */ = {
			isa = PBXVariantGroup;
			children = (
				CFDD76571C00FD5600BB7A78 /* Base */,
			);
			name = LaunchScreen.storyboard;
			sourceTree = "<group>";
		};
/* End PBXVariantGroup section */

/* Begin XCBuildConfiguration section */
		CFDD765A1C00FD5600BB7A78 /* Debug */ = {
			isa = XCBuildConfiguration;
			buildSettings = {
				ALWAYS_SEARCH_USER_PATHS = NO;
				CLANG_CXX_LANGUAGE_STANDARD = "gnu++0x";
				CLANG_CXX_LIBRARY = "libc++";
				CLANG_ENABLE_MODULES = YES;
				CLANG_ENABLE_OBJC_ARC = YES;
				CLANG_WARN_BOOL_CONVERSION = YES;
				CLANG_WARN_CONSTANT_CONVERSION = YES;
				CLANG_WARN_DIRECT_OBJC_ISA_USAGE = YES_ERROR;
				CLANG_WARN_EMPTY_BODY = YES;
				CLANG_WARN_ENUM_CONVERSION = YES;
				CLANG_WARN_INT_CONVERSION = YES;
				CLANG_WARN_OBJC_ROOT_CLASS = YES_ERROR;
				CLANG_WARN_UNREACHABLE_CODE = YES;
				CLANG_WARN__DUPLICATE_METHOD_MATCH = YES;
				"CODE_SIGN_IDENTITY[sdk=iphoneos*]" = "iPhone Developer";
				COPY_PHASE_STRIP = NO;
				DEBUG_INFORMATION_FORMAT = dwarf;
				ENABLE_STRICT_OBJC_MSGSEND = YES;
				ENABLE_TESTABILITY = YES;
				GCC_C_LANGUAGE_STANDARD = gnu99;
				GCC_DYNAMIC_NO_PIC = NO;
				GCC_NO_COMMON_BLOCKS = YES;
				GCC_OPTIMIZATION_LEVEL = 0;
				GCC_PREPROCESSOR_DEFINITIONS = (
					"DEBUG=1",
					"$(inherited)",
				);
				GCC_WARN_64_TO_32_BIT_CONVERSION = YES;
				GCC_WARN_ABOUT_RETURN_TYPE = YES_ERROR;
				GCC_WARN_UNDECLARED_SELECTOR = YES;
				GCC_WARN_UNINITIALIZED_AUTOS = YES_AGGRESSIVE;
				GCC_WARN_UNUSED_FUNCTION = YES;
				GCC_WARN_UNUSED_VARIABLE = YES;
				IPHONEOS_DEPLOYMENT_TARGET = 9.0;
				MTL_ENABLE_DEBUG_INFO = YES;
				ONLY_ACTIVE_ARCH = YES;
				SDKROOT = iphoneos;
				SWIFT_OPTIMIZATION_LEVEL = "-Onone";
			};
			name = Debug;
		};
		CFDD765B1C00FD5600BB7A78 /* Release */ = {
			isa = XCBuildConfiguration;
			buildSettings = {
				ALWAYS_SEARCH_USER_PATHS = NO;
				CLANG_CXX_LANGUAGE_STANDARD = "gnu++0x";
				CLANG_CXX_LIBRARY = "libc++";
				CLANG_ENABLE_MODULES = YES;
				CLANG_ENABLE_OBJC_ARC = YES;
				CLANG_WARN_BOOL_CONVERSION = YES;
				CLANG_WARN_CONSTANT_CONVERSION = YES;
				CLANG_WARN_DIRECT_OBJC_ISA_USAGE = YES_ERROR;
				CLANG_WARN_EMPTY_BODY = YES;
				CLANG_WARN_ENUM_CONVERSION = YES;
				CLANG_WARN_INT_CONVERSION = YES;
				CLANG_WARN_OBJC_ROOT_CLASS = YES_ERROR;
				CLANG_WARN_UNREACHABLE_CODE = YES;
				CLANG_WARN__DUPLICATE_METHOD_MATCH = YES;
				"CODE_SIGN_IDENTITY[sdk=iphoneos*]" = "iPhone Developer";
				COPY_PHASE_STRIP = NO;
				DEBUG_INFORMATION_FORMAT = "dwarf-with-dsym";
				ENABLE_NS_ASSERTIONS = NO;
				ENABLE_STRICT_OBJC_MSGSEND = YES;
				GCC_C_LANGUAGE_STANDARD = gnu99;
				GCC_NO_COMMON_BLOCKS = YES;
				GCC_WARN_64_TO_32_BIT_CONVERSION = YES;
				GCC_WARN_ABOUT_RETURN_TYPE = YES_ERROR;
				GCC_WARN_UNDECLARED_SELECTOR = YES;
				GCC_WARN_UNINITIALIZED_AUTOS = YES_AGGRESSIVE;
				GCC_WARN_UNUSED_FUNCTION = YES;
				GCC_WARN_UNUSED_VARIABLE = YES;
				IPHONEOS_DEPLOYMENT_TARGET = 9.0;
				MTL_ENABLE_DEBUG_INFO = NO;
				SDKROOT = iphoneos;
				VALIDATE_PRODUCT = YES;
			};
			name = Release;
		};
		CFDD765D1C00FD5600BB7A78 /* Debug */ = {
			isa = XCBuildConfiguration;
			buildSettings = {
				ASSETCATALOG_COMPILER_APPICON_NAME = AppIcon;
				INFOPLIST_FILE = ElementFinderSwift/Info.plist;
				IPHONEOS_DEPLOYMENT_TARGET = 8.3;
				LD_RUNPATH_SEARCH_PATHS = "$(inherited) @executable_path/Frameworks";
				PRODUCT_BUNDLE_IDENTIFIER = com.gemmashearer.ElementFinderSwift;
				PRODUCT_NAME = "$(TARGET_NAME)";
			};
			name = Debug;
		};
		CFDD765E1C00FD5600BB7A78 /* Release */ = {
			isa = XCBuildConfiguration;
			buildSettings = {
				ASSETCATALOG_COMPILER_APPICON_NAME = AppIcon;
				INFOPLIST_FILE = ElementFinderSwift/Info.plist;
				IPHONEOS_DEPLOYMENT_TARGET = 8.3;
				LD_RUNPATH_SEARCH_PATHS = "$(inherited) @executable_path/Frameworks";
				PRODUCT_BUNDLE_IDENTIFIER = com.gemmashearer.ElementFinderSwift;
				PRODUCT_NAME = "$(TARGET_NAME)";
			};
			name = Release;
		};
/* End XCBuildConfiguration section */

/* Begin XCConfigurationList section */
		CFDD76451C00FD5600BB7A78 /* Build configuration list for PBXProject "ElementFinderSwift" */ = {
			isa = XCConfigurationList;
			buildConfigurations = (
				CFDD765A1C00FD5600BB7A78 /* Debug */,
				CFDD765B1C00FD5600BB7A78 /* Release */,
			);
			defaultConfigurationIsVisible = 0;
			defaultConfigurationName = Release;
		};
		CFDD765C1C00FD5600BB7A78 /* Build configuration list for PBXNativeTarget "ElementFinderSwift" */ = {
			isa = XCConfigurationList;
			buildConfigurations = (
				CFDD765D1C00FD5600BB7A78 /* Debug */,
				CFDD765E1C00FD5600BB7A78 /* Release */,
			);
			defaultConfigurationIsVisible = 0;
			defaultConfigurationName = Release;
		};
/* End XCConfigurationList section */
	};
	rootObject = CFDD76421C00FD5600BB7A78 /* Project object */;
}
